
Microsoft Visual Studio Solution File, Format Version 12.00
# Visual Studio 2012
Project("{FAE04EC0-301F-11D3-BF4B-00C04F79EFBC}") = "Slidingtabs", "Slidingtabs\Slidingtabs.csproj", "{264BE4A0-C5C3-4E88-BFB8-6CBF7592E514}"
EndProject
Project("{FAE04EC0-301F-11D3-BF4B-00C04F79EFBC}") = "Slidingtabs.UITests", "Slidingtabs.UITests\Slidingtabs.UITests.csproj", "{75C516DC-85A2-4713-88E8-1718942503E1}"
EndProject
Global
	GlobalSection(SolutionConfigurationPlatforms) = preSolution
		Debug|Any CPU = Debug|Any CPU
		Release|Any CPU = Release|Any CPU
	EndGlobalSection
	GlobalSection(ProjectConfigurationPlatforms) = postSolution
		{264BE4A0-C5C3-4E88-BFB8-6CBF7592E514}.Debug|Any CPU.ActiveCfg = Debug|Any CPU
		{264BE4A0-C5C3-4E88-BFB8-6CBF7592E514}.Debug|Any CPU.Build.0 = Debug|Any CPU
		{264BE4A0-C5C3-4E88-BFB8-6CBF7592E514}.Release|Any CPU.ActiveCfg = Release|Any CPU
		{264BE4A0-C5C3-4E88-BFB8-6CBF7592E514}.Release|Any CPU.Build.0 = Release|Any CPU
		{75C516DC-85A2-4713-88E8-1718942503E1}.Debug|Any CPU.ActiveCfg = Debug|Any CPU
		{75C516DC-85A2-4713-88E8-1718942503E1}.Debug|Any CPU.Build.0 = Debug|Any CPU
		{75C516DC-85A2-4713-88E8-1718942503E1}.Release|Any CPU.ActiveCfg = Release|Any CPU
		{75C516DC-85A2-4713-88E8-1718942503E1}.Release|Any CPU.Build.0 = Release|Any CPU
	EndGlobalSection
EndGlobal
